
Microsoft Visual Studio Solution File, Format Version 12.00
# Visual Studio Version 17
VisualStudioVersion = 17.2.32630.192
MinimumVisualStudioVersion = 10.0.40219.1
Project("{888888A0-9F3D-457C-B088-3A5042F75D52}") = "Python Programs", "Python Programs\Python Programs.pyproj", "{ECE54BAB-0463-462C-B402-DD0A40B915B9}"
EndProject
Global
	GlobalSection(SolutionConfigurationPlatforms) = preSolution
		Debug|Any CPU = Debug|Any CPU
		Release|Any CPU = Release|Any CPU
	EndGlobalSection
	GlobalSection(ProjectConfigurationPlatforms) = postSolution
		{ECE54BAB-0463-462C-B402-DD0A40B915B9}.Debug|Any CPU.ActiveCfg = Debug|Any CPU
		{ECE54BAB-0463-462C-B402-DD0A40B915B9}.Release|Any CPU.ActiveCfg = Release|Any CPU
	EndGlobalSection
	GlobalSection(SolutionProperties) = preSolution
		HideSolutionNode = FALSE
	EndGlobalSection
	GlobalSection(ExtensibilityGlobals) = postSolution
		SolutionGuid = {72F4A101-B867-47B6-9A4C-81563430CA31}
	EndGlobalSection
EndGlobal
